
Microsoft Visual Studio Solution File, Format Version 12.00
# Visual Studio Version 17
VisualStudioVersion = 17.5.33414.496
MinimumVisualStudioVersion = 10.0.40219.1
Project("{9A19103F-16F7-4668-BE54-9A1E7A4F7556}") = "EnableDebugMenu", "EnableDebugMenu.csproj", "{4E123CBA-440C-460D-B489-F7FAD7341A83}"
EndProject
Global
	GlobalSection(SolutionConfigurationPlatforms) = preSolution
		Debug|Any CPU = Debug|Any CPU
		Release|Any CPU = Release|Any CPU
	EndGlobalSection
	GlobalSection(ProjectConfigurationPlatforms) = postSolution
		{4E123CBA-440C-460D-B489-F7FAD7341A83}.Debug|Any CPU.ActiveCfg = Debug|Any CPU
		{4E123CBA-440C-460D-B489-F7FAD7341A83}.Debug|Any CPU.Build.0 = Debug|Any CPU
		{4E123CBA-440C-460D-B489-F7FAD7341A83}.Release|Any CPU.ActiveCfg = Release|Any CPU
		{4E123CBA-440C-460D-B489-F7FAD7341A83}.Release|Any CPU.Build.0 = Release|Any CPU
	EndGlobalSection
	GlobalSection(SolutionProperties) = preSolution
		HideSolutionNode = FALSE
	EndGlobalSection
	GlobalSection(ExtensibilityGlobals) = postSolution
		SolutionGuid = {E31C4AC6-D76F-4103-A3F0-0081B2E864BF}
	EndGlobalSection
EndGlobal
